// !$*UTF8*$!
{
	archiveVersion = 1;
	classes = {
	};
	objectVersion = 48;
	objects = {

/* Begin PBXBuildFile section */
		AF936EF6808DD20008BAB50E /* Pods_SwordBot.framework in Frameworks */ = {isa = PBXBuildFile; fileRef = AB379F392277366B08BD0DA3 /* Pods_SwordBot.framework */; };
		CF1D035E214C7BDE00ED7C06 /* DynamicTVC.swift in Sources */ = {isa = PBXBuildFile; fileRef = CF1D0346214C7BDB00ED7C06 /* DynamicTVC.swift */; };
		CF1D0363214C7BDE00ED7C06 /* BasicCell.swift in Sources */ = {isa = PBXBuildFile; fileRef = CF1D034E214C7BDD00ED7C06 /* BasicCell.swift */; };
		CF1D0364214C7BDE00ED7C06 /* BasicCell.xib in Resources */ = {isa = PBXBuildFile; fileRef = CF1D034F214C7BDD00ED7C06 /* BasicCell.xib */; };
		CF1D0365214C7BDE00ED7C06 /* BasicSection.swift in Sources */ = {isa = PBXBuildFile; fileRef = CF1D0350214C7BDD00ED7C06 /* BasicSection.swift */; };
		CF1D0366214C7BDE00ED7C06 /* DynamicRow.swift in Sources */ = {isa = PBXBuildFile; fileRef = CF1D0351214C7BDD00ED7C06 /* DynamicRow.swift */; };
		CF1D0367214C7BDE00ED7C06 /* DynamicSection.swift in Sources */ = {isa = PBXBuildFile; fileRef = CF1D0352214C7BDD00ED7C06 /* DynamicSection.swift */; };
		CF1D0369214C7BDE00ED7C06 /* FavouriteHeader.swift in Sources */ = {isa = PBXBuildFile; fileRef = CF1D0354214C7BDD00ED7C06 /* FavouriteHeader.swift */; };
		CF1D036A214C7BDE00ED7C06 /* FavouriteHeader.xib in Resources */ = {isa = PBXBuildFile; fileRef = CF1D0355214C7BDD00ED7C06 /* FavouriteHeader.xib */; };
		CF1D036B214C7BDE00ED7C06 /* FavouriteSection.swift in Sources */ = {isa = PBXBuildFile; fileRef = CF1D0356214C7BDD00ED7C06 /* FavouriteSection.swift */; };
		CF1D036D214C7BDE00ED7C06 /* SwitchCell.swift in Sources */ = {isa = PBXBuildFile; fileRef = CF1D0358214C7BDD00ED7C06 /* SwitchCell.swift */; };
		CF1D036E214C7BDE00ED7C06 /* SwitchCell.xib in Resources */ = {isa = PBXBuildFile; fileRef = CF1D0359214C7BDD00ED7C06 /* SwitchCell.xib */; };
		CF1D036F214C7BDE00ED7C06 /* SwitchSection.swift in Sources */ = {isa = PBXBuildFile; fileRef = CF1D035A214C7BDD00ED7C06 /* SwitchSection.swift */; };
		CF1D0371214C7BDE00ED7C06 /* TextFieldCell.swift in Sources */ = {isa = PBXBuildFile; fileRef = CF1D035C214C7BDD00ED7C06 /* TextFieldCell.swift */; };
		CF1D0372214C7BDE00ED7C06 /* TextFieldCell.xib in Resources */ = {isa = PBXBuildFile; fileRef = CF1D035D214C7BDD00ED7C06 /* TextFieldCell.xib */; };
		CF1D0377214C850000ED7C06 /* TestCollectionViewController.swift in Sources */ = {isa = PBXBuildFile; fileRef = CF1D0376214C850000ED7C06 /* TestCollectionViewController.swift */; };
		CF1D0379214C8F1500ED7C06 /* Extensions.swift in Sources */ = {isa = PBXBuildFile; fileRef = CF1D0378214C8F1500ED7C06 /* Extensions.swift */; };
		CF1D037D214CB20100ED7C06 /* ChannelsTableViewController.swift in Sources */ = {isa = PBXBuildFile; fileRef = CF1D037C214CB20000ED7C06 /* ChannelsTableViewController.swift */; };
		CF1D0381214CB2B300ED7C06 /* NavigationController.swift in Sources */ = {isa = PBXBuildFile; fileRef = CF1D0380214CB2B300ED7C06 /* NavigationController.swift */; };
		CF1D0383214CBC4D00ED7C06 /* ChatViewController.swift in Sources */ = {isa = PBXBuildFile; fileRef = CF1D0382214CBC4D00ED7C06 /* ChatViewController.swift */; };
		CF2BB725214A4CA500953BE8 /* README.md in Resources */ = {isa = PBXBuildFile; fileRef = CF2BB724214A4CA400953BE8 /* README.md */; };
		CF735DCE214E271600D2DD6D /* TabBarController.swift in Sources */ = {isa = PBXBuildFile; fileRef = CF735DCD214E271600D2DD6D /* TabBarController.swift */; };
		CF735DD0214E42FE00D2DD6D /* discord.png in Resources */ = {isa = PBXBuildFile; fileRef = CF735DCF214E42FE00D2DD6D /* discord.png */; };
		CFA3CDAE214EA28800EF3121 /* SwordBot.png in Resources */ = {isa = PBXBuildFile; fileRef = CFA3CDAD214EA28800EF3121 /* SwordBot.png */; };
		CFA3CDB0214EA2C300EF3121 /* Assets.xcassets in Resources */ = {isa = PBXBuildFile; fileRef = CFA3CDAF214EA2C300EF3121 /* Assets.xcassets */; };
		CFA3CDB2214F305400EF3121 /* MainView.swift in Sources */ = {isa = PBXBuildFile; fileRef = CFA3CDB1214F305400EF3121 /* MainView.swift */; };
		CFA3CDB5214F5DE700EF3121 /* TextCell.swift in Sources */ = {isa = PBXBuildFile; fileRef = CFA3CDB3214F5DE700EF3121 /* TextCell.swift */; };
		CFA3CDB6214F5DE700EF3121 /* TextCell.xib in Resources */ = {isa = PBXBuildFile; fileRef = CFA3CDB4214F5DE700EF3121 /* TextCell.xib */; };
		CFC4DFE2214B6C9B0053DC9B /* blank.wav in Resources */ = {isa = PBXBuildFile; fileRef = CFC4DFE1214B6C9B0053DC9B /* blank.wav */; };
		CFC4DFE4214B6F5C0053DC9B /* settings.png in Resources */ = {isa = PBXBuildFile; fileRef = CFC4DFE3214B6F5B0053DC9B /* settings.png */; };
		CFC4DFE6214B70A40053DC9B /* logs.png in Resources */ = {isa = PBXBuildFile; fileRef = CFC4DFE5214B70A40053DC9B /* logs.png */; };
		CFC4DFE8214B711A0053DC9B /* controls.png in Resources */ = {isa = PBXBuildFile; fileRef = CFC4DFE7214B711A0053DC9B /* controls.png */; };
		CFC4DFEC214C6BDB0053DC9B /* ServerTableViewCell.swift in Sources */ = {isa = PBXBuildFile; fileRef = CFC4DFEB214C6BDB0053DC9B /* ServerTableViewCell.swift */; };
		CFD01A0A2149BD9E00C9936C /* BackgroundTask.swift in Sources */ = {isa = PBXBuildFile; fileRef = CFD01A092149BD9E00C9936C /* BackgroundTask.swift */; };
		CFD01A0E2149F75800C9936C /* song.mp3 in Resources */ = {isa = PBXBuildFile; fileRef = CFD01A0D2149F75800C9936C /* song.mp3 */; };
		CFD01A12214A144B00C9936C /* SettingsViewController.swift in Sources */ = {isa = PBXBuildFile; fileRef = CFD01A11214A144B00C9936C /* SettingsViewController.swift */; };
		CFD01A14214A192300C9936C /* squid.jpg in Resources */ = {isa = PBXBuildFile; fileRef = CFD01A13214A192200C9936C /* squid.jpg */; };
		CFDCBC382148757D00CFFBF8 /* AppDelegate.swift in Sources */ = {isa = PBXBuildFile; fileRef = CFDCBC372148757D00CFFBF8 /* AppDelegate.swift */; };
		CFDCBC3A2148757D00CFFBF8 /* FirstViewController.swift in Sources */ = {isa = PBXBuildFile; fileRef = CFDCBC392148757D00CFFBF8 /* FirstViewController.swift */; };
		CFDCBC3C2148757D00CFFBF8 /* SecondViewController.swift in Sources */ = {isa = PBXBuildFile; fileRef = CFDCBC3B2148757D00CFFBF8 /* SecondViewController.swift */; };
		CFDCBC3F2148757D00CFFBF8 /* Main.storyboard in Resources */ = {isa = PBXBuildFile; fileRef = CFDCBC3D2148757D00CFFBF8 /* Main.storyboard */; };
		CFDCBC442148757D00CFFBF8 /* LaunchScreen.storyboard in Resources */ = {isa = PBXBuildFile; fileRef = CFDCBC422148757D00CFFBF8 /* LaunchScreen.storyboard */; };
		CFDCBC4F2148757D00CFFBF8 /* SwordBotTests.swift in Sources */ = {isa = PBXBuildFile; fileRef = CFDCBC4E2148757D00CFFBF8 /* SwordBotTests.swift */; };
		CFDCBC5A2148757D00CFFBF8 /* SwordBotUITests.swift in Sources */ = {isa = PBXBuildFile; fileRef = CFDCBC592148757D00CFFBF8 /* SwordBotUITests.swift */; };
/* End PBXBuildFile section */

/* Begin PBXContainerItemProxy section */
		CFDCBC4B2148757D00CFFBF8 /* PBXContainerItemProxy */ = {
			isa = PBXContainerItemProxy;
			containerPortal = CFDCBC2C2148757D00CFFBF8 /* Project object */;
			proxyType = 1;
			remoteGlobalIDString = CFDCBC332148757D00CFFBF8;
			remoteInfo = SwordBot;
		};
		CFDCBC562148757D00CFFBF8 /* PBXContainerItemProxy */ = {
			isa = PBXContainerItemProxy;
			containerPortal = CFDCBC2C2148757D00CFFBF8 /* Project object */;
			proxyType = 1;
			remoteGlobalIDString = CFDCBC332148757D00CFFBF8;
			remoteInfo = SwordBot;
		};
/* End PBXContainerItemProxy section */

/* Begin PBXFileReference section */
		24C9FBD11D1D05B9739ABDBD /* Pods-SwordBot.debug.xcconfig */ = {isa = PBXFileReference; includeInIndex = 1; lastKnownFileType = text.xcconfig; name = "Pods-SwordBot.debug.xcconfig"; path = "Pods/Target Support Files/Pods-SwordBot/Pods-SwordBot.debug.xcconfig"; sourceTree = "<group>"; };
		4E43DE2145431AA2CCEFDC3B /* Pods-SwordBot.release.xcconfig */ = {isa = PBXFileReference; includeInIndex = 1; lastKnownFileType = text.xcconfig; name = "Pods-SwordBot.release.xcconfig"; path = "Pods/Target Support Files/Pods-SwordBot/Pods-SwordBot.release.xcconfig"; sourceTree = "<group>"; };
		AB379F392277366B08BD0DA3 /* Pods_SwordBot.framework */ = {isa = PBXFileReference; explicitFileType = wrapper.framework; includeInIndex = 0; path = Pods_SwordBot.framework; sourceTree = BUILT_PRODUCTS_DIR; };
		CF1D0346214C7BDB00ED7C06 /* DynamicTVC.swift */ = {isa = PBXFileReference; fileEncoding = 4; lastKnownFileType = sourcecode.swift; path = DynamicTVC.swift; sourceTree = "<group>"; };
		CF1D034E214C7BDD00ED7C06 /* BasicCell.swift */ = {isa = PBXFileReference; fileEncoding = 4; lastKnownFileType = sourcecode.swift; path = BasicCell.swift; sourceTree = "<group>"; };
		CF1D034F214C7BDD00ED7C06 /* BasicCell.xib */ = {isa = PBXFileReference; fileEncoding = 4; lastKnownFileType = file.xib; path = BasicCell.xib; sourceTree = "<group>"; };
		CF1D0350214C7BDD00ED7C06 /* BasicSection.swift */ = {isa = PBXFileReference; fileEncoding = 4; lastKnownFileType = sourcecode.swift; path = BasicSection.swift; sourceTree = "<group>"; };
		CF1D0351214C7BDD00ED7C06 /* DynamicRow.swift */ = {isa = PBXFileReference; fileEncoding = 4; lastKnownFileType = sourcecode.swift; path = DynamicRow.swift; sourceTree = "<group>"; };
		CF1D0352214C7BDD00ED7C06 /* DynamicSection.swift */ = {isa = PBXFileReference; fileEncoding = 4; lastKnownFileType = sourcecode.swift; path = DynamicSection.swift; sourceTree = "<group>"; };
		CF1D0354214C7BDD00ED7C06 /* FavouriteHeader.swift */ = {isa = PBXFileReference; fileEncoding = 4; lastKnownFileType = sourcecode.swift; path = FavouriteHeader.swift; sourceTree = "<group>"; };
		CF1D0355214C7BDD00ED7C06 /* FavouriteHeader.xib */ = {isa = PBXFileReference; fileEncoding = 4; lastKnownFileType = file.xib; path = FavouriteHeader.xib; sourceTree = "<group>"; };
		CF1D0356214C7BDD00ED7C06 /* FavouriteSection.swift */ = {isa = PBXFileReference; fileEncoding = 4; lastKnownFileType = sourcecode.swift; path = FavouriteSection.swift; sourceTree = "<group>"; };
		CF1D0358214C7BDD00ED7C06 /* SwitchCell.swift */ = {isa = PBXFileReference; fileEncoding = 4; lastKnownFileType = sourcecode.swift; path = SwitchCell.swift; sourceTree = "<group>"; };
		CF1D0359214C7BDD00ED7C06 /* SwitchCell.xib */ = {isa = PBXFileReference; fileEncoding = 4; lastKnownFileType = file.xib; path = SwitchCell.xib; sourceTree = "<group>"; };
		CF1D035A214C7BDD00ED7C06 /* SwitchSection.swift */ = {isa = PBXFileReference; fileEncoding = 4; lastKnownFileType = sourcecode.swift; path = SwitchSection.swift; sourceTree = "<group>"; };
		CF1D035C214C7BDD00ED7C06 /* TextFieldCell.swift */ = {isa = PBXFileReference; fileEncoding = 4; lastKnownFileType = sourcecode.swift; path = TextFieldCell.swift; sourceTree = "<group>"; };
		CF1D035D214C7BDD00ED7C06 /* TextFieldCell.xib */ = {isa = PBXFileReference; fileEncoding = 4; lastKnownFileType = file.xib; path = TextFieldCell.xib; sourceTree = "<group>"; };
		CF1D0376214C850000ED7C06 /* TestCollectionViewController.swift */ = {isa = PBXFileReference; fileEncoding = 4; lastKnownFileType = sourcecode.swift; path = TestCollectionViewController.swift; sourceTree = "<group>"; };
		CF1D0378214C8F1500ED7C06 /* Extensions.swift */ = {isa = PBXFileReference; lastKnownFileType = sourcecode.swift; path = Extensions.swift; sourceTree = "<group>"; };
		CF1D037C214CB20000ED7C06 /* ChannelsTableViewController.swift */ = {isa = PBXFileReference; lastKnownFileType = sourcecode.swift; name = ChannelsTableViewController.swift; path = /Users/elijah/Documents/SwordBot/SwordBot/SwordBot/ChannelsTableViewController.swift; sourceTree = "<absolute>"; };
		CF1D0380214CB2B300ED7C06 /* NavigationController.swift */ = {isa = PBXFileReference; lastKnownFileType = sourcecode.swift; path = NavigationController.swift; sourceTree = "<group>"; };
		CF1D0382214CBC4D00ED7C06 /* ChatViewController.swift */ = {isa = PBXFileReference; lastKnownFileType = sourcecode.swift; path = ChatViewController.swift; sourceTree = "<group>"; };
		CF2BB724214A4CA400953BE8 /* README.md */ = {isa = PBXFileReference; fileEncoding = 4; lastKnownFileType = net.daringfireball.markdown; path = README.md; sourceTree = SOURCE_ROOT; };
		CF735DCD214E271600D2DD6D /* TabBarController.swift */ = {isa = PBXFileReference; lastKnownFileType = sourcecode.swift; path = TabBarController.swift; sourceTree = "<group>"; };
		CF735DCF214E42FE00D2DD6D /* discord.png */ = {isa = PBXFileReference; lastKnownFileType = image.png; path = discord.png; sourceTree = "<group>"; };
		CFA3CDAD214EA28800EF3121 /* SwordBot.png */ = {isa = PBXFileReference; lastKnownFileType = image.png; path = SwordBot.png; sourceTree = "<group>"; };
		CFA3CDAF214EA2C300EF3121 /* Assets.xcassets */ = {isa = PBXFileReference; lastKnownFileType = folder.assetcatalog; path = Assets.xcassets; sourceTree = "<group>"; };
		CFA3CDB1214F305400EF3121 /* MainView.swift */ = {isa = PBXFileReference; lastKnownFileType = sourcecode.swift; path = MainView.swift; sourceTree = "<group>"; };
		CFA3CDB3214F5DE700EF3121 /* TextCell.swift */ = {isa = PBXFileReference; lastKnownFileType = sourcecode.swift; path = TextCell.swift; sourceTree = "<group>"; };
		CFA3CDB4214F5DE700EF3121 /* TextCell.xib */ = {isa = PBXFileReference; lastKnownFileType = file.xib; path = TextCell.xib; sourceTree = "<group>"; };
		CFC4DFE1214B6C9B0053DC9B /* blank.wav */ = {isa = PBXFileReference; lastKnownFileType = audio.wav; path = blank.wav; sourceTree = "<group>"; };
		CFC4DFE3214B6F5B0053DC9B /* settings.png */ = {isa = PBXFileReference; lastKnownFileType = image.png; path = settings.png; sourceTree = "<group>"; };
		CFC4DFE5214B70A40053DC9B /* logs.png */ = {isa = PBXFileReference; lastKnownFileType = image.png; path = logs.png; sourceTree = "<group>"; };
		CFC4DFE7214B711A0053DC9B /* controls.png */ = {isa = PBXFileReference; lastKnownFileType = image.png; path = controls.png; sourceTree = "<group>"; };
		CFC4DFEB214C6BDB0053DC9B /* ServerTableViewCell.swift */ = {isa = PBXFileReference; lastKnownFileType = sourcecode.swift; path = ServerTableViewCell.swift; sourceTree = "<group>"; };
		CFD01A092149BD9E00C9936C /* BackgroundTask.swift */ = {isa = PBXFileReference; lastKnownFileType = sourcecode.swift; path = BackgroundTask.swift; sourceTree = "<group>"; };
		CFD01A0D2149F75800C9936C /* song.mp3 */ = {isa = PBXFileReference; lastKnownFileType = audio.mp3; path = song.mp3; sourceTree = "<group>"; };
		CFD01A11214A144B00C9936C /* SettingsViewController.swift */ = {isa = PBXFileReference; fileEncoding = 4; lastKnownFileType = sourcecode.swift; path = SettingsViewController.swift; sourceTree = "<group>"; };
		CFD01A13214A192200C9936C /* squid.jpg */ = {isa = PBXFileReference; lastKnownFileType = image.jpeg; path = squid.jpg; sourceTree = "<group>"; };
		CFDCBC342148757D00CFFBF8 /* SwordBot.app */ = {isa = PBXFileReference; explicitFileType = wrapper.application; includeInIndex = 0; path = SwordBot.app; sourceTree = BUILT_PRODUCTS_DIR; };
		CFDCBC372148757D00CFFBF8 /* AppDelegate.swift */ = {isa = PBXFileReference; lastKnownFileType = sourcecode.swift; path = AppDelegate.swift; sourceTree = "<group>"; };
		CFDCBC392148757D00CFFBF8 /* FirstViewController.swift */ = {isa = PBXFileReference; lastKnownFileType = sourcecode.swift; path = FirstViewController.swift; sourceTree = "<group>"; };
		CFDCBC3B2148757D00CFFBF8 /* SecondViewController.swift */ = {isa = PBXFileReference; lastKnownFileType = sourcecode.swift; path = SecondViewController.swift; sourceTree = "<group>"; };
		CFDCBC3E2148757D00CFFBF8 /* Base */ = {isa = PBXFileReference; lastKnownFileType = file.storyboard; name = Base; path = Base.lproj/Main.storyboard; sourceTree = "<group>"; };
		CFDCBC432148757D00CFFBF8 /* Base */ = {isa = PBXFileReference; lastKnownFileType = file.storyboard; name = Base; path = Base.lproj/LaunchScreen.storyboard; sourceTree = "<group>"; };
		CFDCBC452148757D00CFFBF8 /* Info.plist */ = {isa = PBXFileReference; lastKnownFileType = text.plist.xml; path = Info.plist; sourceTree = "<group>"; };
		CFDCBC4A2148757D00CFFBF8 /* SwordBotTests.xctest */ = {isa = PBXFileReference; explicitFileType = wrapper.cfbundle; includeInIndex = 0; path = SwordBotTests.xctest; sourceTree = BUILT_PRODUCTS_DIR; };
		CFDCBC4E2148757D00CFFBF8 /* SwordBotTests.swift */ = {isa = PBXFileReference; lastKnownFileType = sourcecode.swift; path = SwordBotTests.swift; sourceTree = "<group>"; };
		CFDCBC502148757D00CFFBF8 /* Info.plist */ = {isa = PBXFileReference; lastKnownFileType = text.plist.xml; path = Info.plist; sourceTree = "<group>"; };
		CFDCBC552148757D00CFFBF8 /* SwordBotUITests.xctest */ = {isa = PBXFileReference; explicitFileType = wrapper.cfbundle; includeInIndex = 0; path = SwordBotUITests.xctest; sourceTree = BUILT_PRODUCTS_DIR; };
		CFDCBC592148757D00CFFBF8 /* SwordBotUITests.swift */ = {isa = PBXFileReference; lastKnownFileType = sourcecode.swift; path = SwordBotUITests.swift; sourceTree = "<group>"; };
		CFDCBC5B2148757E00CFFBF8 /* Info.plist */ = {isa = PBXFileReference; lastKnownFileType = text.plist.xml; path = Info.plist; sourceTree = "<group>"; };
/* End PBXFileReference section */

/* Begin PBXFrameworksBuildPhase section */
		CFDCBC312148757D00CFFBF8 /* Frameworks */ = {
			isa = PBXFrameworksBuildPhase;
			buildActionMask = 2147483647;
			files = (
				AF936EF6808DD20008BAB50E /* Pods_SwordBot.framework in Frameworks */,
			);
			runOnlyForDeploymentPostprocessing = 0;
		};
		CFDCBC472148757D00CFFBF8 /* Frameworks */ = {
			isa = PBXFrameworksBuildPhase;
			buildActionMask = 2147483647;
			files = (
			);
			runOnlyForDeploymentPostprocessing = 0;
		};
		CFDCBC522148757D00CFFBF8 /* Frameworks */ = {
			isa = PBXFrameworksBuildPhase;
			buildActionMask = 2147483647;
			files = (
			);
			runOnlyForDeploymentPostprocessing = 0;
		};
/* End PBXFrameworksBuildPhase section */

/* Begin PBXGroup section */
		6A6EC6CE0587D9C01A21612E /* Frameworks */ = {
			isa = PBXGroup;
			children = (
				AB379F392277366B08BD0DA3 /* Pods_SwordBot.framework */,
			);
			name = Frameworks;
			sourceTree = "<group>";
		};
		CF1D0373214C7BEB00ED7C06 /* Cells */ = {
			isa = PBXGroup;
			children = (
				CF1D034E214C7BDD00ED7C06 /* BasicCell.swift */,
				CF1D034F214C7BDD00ED7C06 /* BasicCell.xib */,
				CF1D0354214C7BDD00ED7C06 /* FavouriteHeader.swift */,
				CF1D0355214C7BDD00ED7C06 /* FavouriteHeader.xib */,
				CF1D0358214C7BDD00ED7C06 /* SwitchCell.swift */,
				CF1D0359214C7BDD00ED7C06 /* SwitchCell.xib */,
				CF1D035C214C7BDD00ED7C06 /* TextFieldCell.swift */,
				CF1D035D214C7BDD00ED7C06 /* TextFieldCell.xib */,
				CFA3CDB3214F5DE700EF3121 /* TextCell.swift */,
				CFA3CDB4214F5DE700EF3121 /* TextCell.xib */,
			);
			path = Cells;
			sourceTree = "<group>";
		};
		CF1D0374214C7BF700ED7C06 /* Protocols */ = {
			isa = PBXGroup;
			children = (
				CF1D0351214C7BDD00ED7C06 /* DynamicRow.swift */,
				CF1D0352214C7BDD00ED7C06 /* DynamicSection.swift */,
			);
			path = Protocols;
			sourceTree = "<group>";
		};
		CF1D0375214C7C0100ED7C06 /* Sections */ = {
			isa = PBXGroup;
			children = (
				CF1D0350214C7BDD00ED7C06 /* BasicSection.swift */,
				CF1D0356214C7BDD00ED7C06 /* FavouriteSection.swift */,
				CF1D035A214C7BDD00ED7C06 /* SwitchSection.swift */,
			);
			path = Sections;
			sourceTree = "<group>";
		};
		CFDCBC2B2148757D00CFFBF8 = {
			isa = PBXGroup;
			children = (
				CFDCBC362148757D00CFFBF8 /* SwordBot */,
				CFDCBC4D2148757D00CFFBF8 /* SwordBotTests */,
				CFDCBC582148757D00CFFBF8 /* SwordBotUITests */,
				CFDCBC352148757D00CFFBF8 /* Products */,
				D56CC8C597F4EA8CA8087D5A /* Pods */,
				6A6EC6CE0587D9C01A21612E /* Frameworks */,
			);
			sourceTree = "<group>";
		};
		CFDCBC352148757D00CFFBF8 /* Products */ = {
			isa = PBXGroup;
			children = (
				CFDCBC342148757D00CFFBF8 /* SwordBot.app */,
				CFDCBC4A2148757D00CFFBF8 /* SwordBotTests.xctest */,
				CFDCBC552148757D00CFFBF8 /* SwordBotUITests.xctest */,
			);
			name = Products;
			sourceTree = "<group>";
		};
		CFDCBC362148757D00CFFBF8 /* SwordBot */ = {
			isa = PBXGroup;
			children = (
				CFA3CDAF214EA2C300EF3121 /* Assets.xcassets */,
				CF1D0375214C7C0100ED7C06 /* Sections */,
				CF1D0374214C7BF700ED7C06 /* Protocols */,
				CF1D0373214C7BEB00ED7C06 /* Cells */,
				CF2BB724214A4CA400953BE8 /* README.md */,
				CF1D0346214C7BDB00ED7C06 /* DynamicTVC.swift */,
				CFC4DFE5214B70A40053DC9B /* logs.png */,
				CF735DCF214E42FE00D2DD6D /* discord.png */,
				CFC4DFE7214B711A0053DC9B /* controls.png */,
				CFA3CDAD214EA28800EF3121 /* SwordBot.png */,
				CFC4DFE3214B6F5B0053DC9B /* settings.png */,
				CFC4DFE1214B6C9B0053DC9B /* blank.wav */,
				CFD01A0D2149F75800C9936C /* song.mp3 */,
				CFD01A13214A192200C9936C /* squid.jpg */,
				CFDCBC372148757D00CFFBF8 /* AppDelegate.swift */,
				CF1D0378214C8F1500ED7C06 /* Extensions.swift */,
				CFDCBC392148757D00CFFBF8 /* FirstViewController.swift */,
				CFDCBC3B2148757D00CFFBF8 /* SecondViewController.swift */,
				CFD01A11214A144B00C9936C /* SettingsViewController.swift */,
				CFD01A092149BD9E00C9936C /* BackgroundTask.swift */,
				CF1D0376214C850000ED7C06 /* TestCollectionViewController.swift */,
				CF1D037C214CB20000ED7C06 /* ChannelsTableViewController.swift */,
				CFDCBC3D2148757D00CFFBF8 /* Main.storyboard */,
				CFA3CDB1214F305400EF3121 /* MainView.swift */,
				CF735DCD214E271600D2DD6D /* TabBarController.swift */,
				CF1D0382214CBC4D00ED7C06 /* ChatViewController.swift */,
				CF1D0380214CB2B300ED7C06 /* NavigationController.swift */,
				CFC4DFEB214C6BDB0053DC9B /* ServerTableViewCell.swift */,
				CFDCBC422148757D00CFFBF8 /* LaunchScreen.storyboard */,
				CFDCBC452148757D00CFFBF8 /* Info.plist */,
			);
			path = SwordBot;
			sourceTree = "<group>";
		};
		CFDCBC4D2148757D00CFFBF8 /* SwordBotTests */ = {
			isa = PBXGroup;
			children = (
				CFDCBC4E2148757D00CFFBF8 /* SwordBotTests.swift */,
				CFDCBC502148757D00CFFBF8 /* Info.plist */,
			);
			path = SwordBotTests;
			sourceTree = "<group>";
		};
		CFDCBC582148757D00CFFBF8 /* SwordBotUITests */ = {
			isa = PBXGroup;
			children = (
				CFDCBC592148757D00CFFBF8 /* SwordBotUITests.swift */,
				CFDCBC5B2148757E00CFFBF8 /* Info.plist */,
			);
			path = SwordBotUITests;
			sourceTree = "<group>";
		};
		D56CC8C597F4EA8CA8087D5A /* Pods */ = {
			isa = PBXGroup;
			children = (
				24C9FBD11D1D05B9739ABDBD /* Pods-SwordBot.debug.xcconfig */,
				4E43DE2145431AA2CCEFDC3B /* Pods-SwordBot.release.xcconfig */,
			);
			name = Pods;
			sourceTree = "<group>";
		};
/* End PBXGroup section */

/* Begin PBXNativeTarget section */
		CFDCBC332148757D00CFFBF8 /* SwordBot */ = {
			isa = PBXNativeTarget;
			buildConfigurationList = CFDCBC5E2148757E00CFFBF8 /* Build configuration list for PBXNativeTarget "SwordBot" */;
			buildPhases = (
				CCDED2A2EB2C9245207E75FD /* [CP] Check Pods Manifest.lock */,
				CFDCBC302148757D00CFFBF8 /* Sources */,
				CFDCBC312148757D00CFFBF8 /* Frameworks */,
				CFDCBC322148757D00CFFBF8 /* Resources */,
				281093709DCD8B3899417412 /* [CP] Embed Pods Frameworks */,
			);
			buildRules = (
			);
			dependencies = (
			);
			name = SwordBot;
			productName = SwordBot;
			productReference = CFDCBC342148757D00CFFBF8 /* SwordBot.app */;
			productType = "com.apple.product-type.application";
		};
		CFDCBC492148757D00CFFBF8 /* SwordBotTests */ = {
			isa = PBXNativeTarget;
			buildConfigurationList = CFDCBC612148757E00CFFBF8 /* Build configuration list for PBXNativeTarget "SwordBotTests" */;
			buildPhases = (
				CFDCBC462148757D00CFFBF8 /* Sources */,
				CFDCBC472148757D00CFFBF8 /* Frameworks */,
				CFDCBC482148757D00CFFBF8 /* Resources */,
			);
			buildRules = (
			);
			dependencies = (
				CFDCBC4C2148757D00CFFBF8 /* PBXTargetDependency */,
			);
			name = SwordBotTests;
			productName = SwordBotTests;
			productReference = CFDCBC4A2148757D00CFFBF8 /* SwordBotTests.xctest */;
			productType = "com.apple.product-type.bundle.unit-test";
		};
		CFDCBC542148757D00CFFBF8 /* SwordBotUITests */ = {
			isa = PBXNativeTarget;
			buildConfigurationList = CFDCBC642148757E00CFFBF8 /* Build configuration list for PBXNativeTarget "SwordBotUITests" */;
			buildPhases = (
				CFDCBC512148757D00CFFBF8 /* Sources */,
				CFDCBC522148757D00CFFBF8 /* Frameworks */,
				CFDCBC532148757D00CFFBF8 /* Resources */,
			);
			buildRules = (
			);
			dependencies = (
				CFDCBC572148757D00CFFBF8 /* PBXTargetDependency */,
			);
			name = SwordBotUITests;
			productName = SwordBotUITests;
			productReference = CFDCBC552148757D00CFFBF8 /* SwordBotUITests.xctest */;
			productType = "com.apple.product-type.bundle.ui-testing";
		};
/* End PBXNativeTarget section */

/* Begin PBXProject section */
		CFDCBC2C2148757D00CFFBF8 /* Project object */ = {
			isa = PBXProject;
			attributes = {
				LastSwiftUpdateCheck = 0920;
				LastUpgradeCheck = 0920;
				ORGANIZATIONNAME = Elijah;
				TargetAttributes = {
					CFDCBC332148757D00CFFBF8 = {
						CreatedOnToolsVersion = 9.2;
						ProvisioningStyle = Automatic;
						SystemCapabilities = {
							com.apple.BackgroundModes = {
								enabled = 1;
							};
						};
					};
					CFDCBC492148757D00CFFBF8 = {
						CreatedOnToolsVersion = 9.2;
						ProvisioningStyle = Automatic;
						TestTargetID = CFDCBC332148757D00CFFBF8;
					};
					CFDCBC542148757D00CFFBF8 = {
						CreatedOnToolsVersion = 9.2;
						ProvisioningStyle = Automatic;
						TestTargetID = CFDCBC332148757D00CFFBF8;
					};
				};
			};
			buildConfigurationList = CFDCBC2F2148757D00CFFBF8 /* Build configuration list for PBXProject "SwordBot" */;
			compatibilityVersion = "Xcode 8.0";
			developmentRegion = en;
			hasScannedForEncodings = 0;
			knownRegions = (
				en,
				Base,
			);
			mainGroup = CFDCBC2B2148757D00CFFBF8;
			productRefGroup = CFDCBC352148757D00CFFBF8 /* Products */;
			projectDirPath = "";
			projectRoot = "";
			targets = (
				CFDCBC332148757D00CFFBF8 /* SwordBot */,
				CFDCBC492148757D00CFFBF8 /* SwordBotTests */,
				CFDCBC542148757D00CFFBF8 /* SwordBotUITests */,
			);
		};
/* End PBXProject section */

/* Begin PBXResourcesBuildPhase section */
		CFDCBC322148757D00CFFBF8 /* Resources */ = {
			isa = PBXResourcesBuildPhase;
			buildActionMask = 2147483647;
			files = (
				CF1D0372214C7BDE00ED7C06 /* TextFieldCell.xib in Resources */,
				CFDCBC442148757D00CFFBF8 /* LaunchScreen.storyboard in Resources */,
				CF735DD0214E42FE00D2DD6D /* discord.png in Resources */,
				CF1D036A214C7BDE00ED7C06 /* FavouriteHeader.xib in Resources */,
				CFD01A0E2149F75800C9936C /* song.mp3 in Resources */,
				CFA3CDB0214EA2C300EF3121 /* Assets.xcassets in Resources */,
				CFA3CDB6214F5DE700EF3121 /* TextCell.xib in Resources */,
				CFA3CDAE214EA28800EF3121 /* SwordBot.png in Resources */,
				CF1D036E214C7BDE00ED7C06 /* SwitchCell.xib in Resources */,
				CF1D0364214C7BDE00ED7C06 /* BasicCell.xib in Resources */,
				CFC4DFE8214B711A0053DC9B /* controls.png in Resources */,
				CFDCBC3F2148757D00CFFBF8 /* Main.storyboard in Resources */,
				CFC4DFE2214B6C9B0053DC9B /* blank.wav in Resources */,
				CFC4DFE6214B70A40053DC9B /* logs.png in Resources */,
				CFC4DFE4214B6F5C0053DC9B /* settings.png in Resources */,
				CF2BB725214A4CA500953BE8 /* README.md in Resources */,
				CFD01A14214A192300C9936C /* squid.jpg in Resources */,
			);
			runOnlyForDeploymentPostprocessing = 0;
		};
		CFDCBC482148757D00CFFBF8 /* Resources */ = {
			isa = PBXResourcesBuildPhase;
			buildActionMask = 2147483647;
			files = (
			);
			runOnlyForDeploymentPostprocessing = 0;
		};
		CFDCBC532148757D00CFFBF8 /* Resources */ = {
			isa = PBXResourcesBuildPhase;
			buildActionMask = 2147483647;
			files = (
			);
			runOnlyForDeploymentPostprocessing = 0;
		};
/* End PBXResourcesBuildPhase section */

/* Begin PBXShellScriptBuildPhase section */
		281093709DCD8B3899417412 /* [CP] Embed Pods Frameworks */ = {
			isa = PBXShellScriptBuildPhase;
			buildActionMask = 2147483647;
			files = (
			);
			inputPaths = (
				"${SRCROOT}/Pods/Target Support Files/Pods-SwordBot/Pods-SwordBot-frameworks.sh",
				"${BUILT_PRODUCTS_DIR}/Starscream/Starscream.framework",
				"${BUILT_PRODUCTS_DIR}/Sword/Sword.framework",
			);
			name = "[CP] Embed Pods Frameworks";
			outputPaths = (
				"${TARGET_BUILD_DIR}/${FRAMEWORKS_FOLDER_PATH}/Starscream.framework",
				"${TARGET_BUILD_DIR}/${FRAMEWORKS_FOLDER_PATH}/Sword.framework",
			);
			runOnlyForDeploymentPostprocessing = 0;
			shellPath = /bin/sh;
			shellScript = "\"${SRCROOT}/Pods/Target Support Files/Pods-SwordBot/Pods-SwordBot-frameworks.sh\"\n";
			showEnvVarsInLog = 0;
		};
		CCDED2A2EB2C9245207E75FD /* [CP] Check Pods Manifest.lock */ = {
			isa = PBXShellScriptBuildPhase;
			buildActionMask = 2147483647;
			files = (
			);
			inputPaths = (
				"${PODS_PODFILE_DIR_PATH}/Podfile.lock",
				"${PODS_ROOT}/Manifest.lock",
			);
			name = "[CP] Check Pods Manifest.lock";
			outputPaths = (
				"$(DERIVED_FILE_DIR)/Pods-SwordBot-checkManifestLockResult.txt",
			);
			runOnlyForDeploymentPostprocessing = 0;
			shellPath = /bin/sh;
			shellScript = "diff \"${PODS_PODFILE_DIR_PATH}/Podfile.lock\" \"${PODS_ROOT}/Manifest.lock\" > /dev/null\nif [ $? != 0 ] ; then\n    # print error to STDERR\n    echo \"error: The sandbox is not in sync with the Podfile.lock. Run 'pod install' or update your CocoaPods installation.\" >&2\n    exit 1\nfi\n# This output is used by Xcode 'outputs' to avoid re-running this script phase.\necho \"SUCCESS\" > \"${SCRIPT_OUTPUT_FILE_0}\"\n";
			showEnvVarsInLog = 0;
		};
/* End PBXShellScriptBuildPhase section */

/* Begin PBXSourcesBuildPhase section */
		CFDCBC302148757D00CFFBF8 /* Sources */ = {
			isa = PBXSourcesBuildPhase;
			buildActionMask = 2147483647;
			files = (
				CF1D0377214C850000ED7C06 /* TestCollectionViewController.swift in Sources */,
				CF1D037D214CB20100ED7C06 /* ChannelsTableViewController.swift in Sources */,
				CF1D0367214C7BDE00ED7C06 /* DynamicSection.swift in Sources */,
				CF1D0363214C7BDE00ED7C06 /* BasicCell.swift in Sources */,
				CFDCBC3C2148757D00CFFBF8 /* SecondViewController.swift in Sources */,
				CF1D0369214C7BDE00ED7C06 /* FavouriteHeader.swift in Sources */,
				CF1D0366214C7BDE00ED7C06 /* DynamicRow.swift in Sources */,
				CF1D036B214C7BDE00ED7C06 /* FavouriteSection.swift in Sources */,
				CF1D0379214C8F1500ED7C06 /* Extensions.swift in Sources */,
				CFDCBC382148757D00CFFBF8 /* AppDelegate.swift in Sources */,
				CF1D0383214CBC4D00ED7C06 /* ChatViewController.swift in Sources */,
				CFD01A0A2149BD9E00C9936C /* BackgroundTask.swift in Sources */,
				CFD01A12214A144B00C9936C /* SettingsViewController.swift in Sources */,
				CF735DCE214E271600D2DD6D /* TabBarController.swift in Sources */,
				CF1D035E214C7BDE00ED7C06 /* DynamicTVC.swift in Sources */,
				CF1D0371214C7BDE00ED7C06 /* TextFieldCell.swift in Sources */,
				CFC4DFEC214C6BDB0053DC9B /* ServerTableViewCell.swift in Sources */,
				CF1D036F214C7BDE00ED7C06 /* SwitchSection.swift in Sources */,
				CF1D0365214C7BDE00ED7C06 /* BasicSection.swift in Sources */,
				CFA3CDB2214F305400EF3121 /* MainView.swift in Sources */,
				CF1D0381214CB2B300ED7C06 /* NavigationController.swift in Sources */,
				CF1D036D214C7BDE00ED7C06 /* SwitchCell.swift in Sources */,
				CFA3CDB5214F5DE700EF3121 /* TextCell.swift in Sources */,
				CFDCBC3A2148757D00CFFBF8 /* FirstViewController.swift in Sources */,
			);
			runOnlyForDeploymentPostprocessing = 0;
		};
		CFDCBC462148757D00CFFBF8 /* Sources */ = {
			isa = PBXSourcesBuildPhase;
			buildActionMask = 2147483647;
			files = (
				CFDCBC4F2148757D00CFFBF8 /* SwordBotTests.swift in Sources */,
			);
			runOnlyForDeploymentPostprocessing = 0;
		};
		CFDCBC512148757D00CFFBF8 /* Sources */ = {
			isa = PBXSourcesBuildPhase;
			buildActionMask = 2147483647;
			files = (
				CFDCBC5A2148757D00CFFBF8 /* SwordBotUITests.swift in Sources */,
			);
			runOnlyForDeploymentPostprocessing = 0;
		};
/* End PBXSourcesBuildPhase section */

/* Begin PBXTargetDependency section */
		CFDCBC4C2148757D00CFFBF8 /* PBXTargetDependency */ = {
			isa = PBXTargetDependency;
			target = CFDCBC332148757D00CFFBF8 /* SwordBot */;
			targetProxy = CFDCBC4B2148757D00CFFBF8 /* PBXContainerItemProxy */;
		};
		CFDCBC572148757D00CFFBF8 /* PBXTargetDependency */ = {
			isa = PBXTargetDependency;
			target = CFDCBC332148757D00CFFBF8 /* SwordBot */;
			targetProxy = CFDCBC562148757D00CFFBF8 /* PBXContainerItemProxy */;
		};
/* End PBXTargetDependency section */

/* Begin PBXVariantGroup section */
		CFDCBC3D2148757D00CFFBF8 /* Main.storyboard */ = {
			isa = PBXVariantGroup;
			children = (
				CFDCBC3E2148757D00CFFBF8 /* Base */,
			);
			name = Main.storyboard;
			sourceTree = "<group>";
		};
		CFDCBC422148757D00CFFBF8 /* LaunchScreen.storyboard */ = {
			isa = PBXVariantGroup;
			children = (
				CFDCBC432148757D00CFFBF8 /* Base */,
			);
			name = LaunchScreen.storyboard;
			sourceTree = "<group>";
		};
/* End PBXVariantGroup section */

/* Begin XCBuildConfiguration section */
		CFDCBC5C2148757E00CFFBF8 /* Debug */ = {
			isa = XCBuildConfiguration;
			buildSettings = {
				ALWAYS_SEARCH_USER_PATHS = NO;
				CLANG_ANALYZER_NONNULL = YES;
				CLANG_ANALYZER_NUMBER_OBJECT_CONVERSION = YES_AGGRESSIVE;
				CLANG_CXX_LANGUAGE_STANDARD = "gnu++14";
				CLANG_CXX_LIBRARY = "libc++";
				CLANG_ENABLE_MODULES = YES;
				CLANG_ENABLE_OBJC_ARC = YES;
				CLANG_WARN_BLOCK_CAPTURE_AUTORELEASING = YES;
				CLANG_WARN_BOOL_CONVERSION = YES;
				CLANG_WARN_COMMA = YES;
				CLANG_WARN_CONSTANT_CONVERSION = YES;
				CLANG_WARN_DIRECT_OBJC_ISA_USAGE = YES_ERROR;
				CLANG_WARN_DOCUMENTATION_COMMENTS = YES;
				CLANG_WARN_EMPTY_BODY = YES;
				CLANG_WARN_ENUM_CONVERSION = YES;
				CLANG_WARN_INFINITE_RECURSION = YES;
				CLANG_WARN_INT_CONVERSION = YES;
				CLANG_WARN_NON_LITERAL_NULL_CONVERSION = YES;
				CLANG_WARN_OBJC_LITERAL_CONVERSION = YES;
				CLANG_WARN_OBJC_ROOT_CLASS = YES_ERROR;
				CLANG_WARN_RANGE_LOOP_ANALYSIS = YES;
				CLANG_WARN_STRICT_PROTOTYPES = YES;
				CLANG_WARN_SUSPICIOUS_MOVE = YES;
				CLANG_WARN_UNGUARDED_AVAILABILITY = YES_AGGRESSIVE;
				CLANG_WARN_UNREACHABLE_CODE = YES;
				CLANG_WARN__DUPLICATE_METHOD_MATCH = YES;
				CODE_SIGN_IDENTITY = "iPhone Developer";
				COPY_PHASE_STRIP = NO;
				DEBUG_INFORMATION_FORMAT = dwarf;
				ENABLE_STRICT_OBJC_MSGSEND = YES;
				ENABLE_TESTABILITY = YES;
				GCC_C_LANGUAGE_STANDARD = gnu11;
				GCC_DYNAMIC_NO_PIC = NO;
				GCC_NO_COMMON_BLOCKS = YES;
				GCC_OPTIMIZATION_LEVEL = 0;
				GCC_PREPROCESSOR_DEFINITIONS = (
					"DEBUG=1",
					"$(inherited)",
				);
				GCC_WARN_64_TO_32_BIT_CONVERSION = YES;
				GCC_WARN_ABOUT_RETURN_TYPE = YES_ERROR;
				GCC_WARN_UNDECLARED_SELECTOR = YES;
				GCC_WARN_UNINITIALIZED_AUTOS = YES_AGGRESSIVE;
				GCC_WARN_UNUSED_FUNCTION = YES;
				GCC_WARN_UNUSED_VARIABLE = YES;
				IPHONEOS_DEPLOYMENT_TARGET = 11.1;
				MTL_ENABLE_DEBUG_INFO = YES;
				ONLY_ACTIVE_ARCH = YES;
				SDKROOT = iphoneos;
				SWIFT_ACTIVE_COMPILATION_CONDITIONS = DEBUG;
				SWIFT_OPTIMIZATION_LEVEL = "-Onone";
			};
			name = Debug;
		};
		CFDCBC5D2148757E00CFFBF8 /* Release */ = {
			isa = XCBuildConfiguration;
			buildSettings = {
				ALWAYS_SEARCH_USER_PATHS = NO;
				CLANG_ANALYZER_NONNULL = YES;
				CLANG_ANALYZER_NUMBER_OBJECT_CONVERSION = YES_AGGRESSIVE;
				CLANG_CXX_LANGUAGE_STANDARD = "gnu++14";
				CLANG_CXX_LIBRARY = "libc++";
				CLANG_ENABLE_MODULES = YES;
				CLANG_ENABLE_OBJC_ARC = YES;
				CLANG_WARN_BLOCK_CAPTURE_AUTORELEASING = YES;
				CLANG_WARN_BOOL_CONVERSION = YES;
				CLANG_WARN_COMMA = YES;
				CLANG_WARN_CONSTANT_CONVERSION = YES;
				CLANG_WARN_DIRECT_OBJC_ISA_USAGE = YES_ERROR;
				CLANG_WARN_DOCUMENTATION_COMMENTS = YES;
				CLANG_WARN_EMPTY_BODY = YES;
				CLANG_WARN_ENUM_CONVERSION = YES;
				CLANG_WARN_INFINITE_RECURSION = YES;
				CLANG_WARN_INT_CONVERSION = YES;
				CLANG_WARN_NON_LITERAL_NULL_CONVERSION = YES;
				CLANG_WARN_OBJC_LITERAL_CONVERSION = YES;
				CLANG_WARN_OBJC_ROOT_CLASS = YES_ERROR;
				CLANG_WARN_RANGE_LOOP_ANALYSIS = YES;
				CLANG_WARN_STRICT_PROTOTYPES = YES;
				CLANG_WARN_SUSPICIOUS_MOVE = YES;
				CLANG_WARN_UNGUARDED_AVAILABILITY = YES_AGGRESSIVE;
				CLANG_WARN_UNREACHABLE_CODE = YES;
				CLANG_WARN__DUPLICATE_METHOD_MATCH = YES;
				CODE_SIGN_IDENTITY = "iPhone Developer";
				COPY_PHASE_STRIP = NO;
				DEBUG_INFORMATION_FORMAT = "dwarf-with-dsym";
				ENABLE_NS_ASSERTIONS = NO;
				ENABLE_STRICT_OBJC_MSGSEND = YES;
				GCC_C_LANGUAGE_STANDARD = gnu11;
				GCC_NO_COMMON_BLOCKS = YES;
				GCC_WARN_64_TO_32_BIT_CONVERSION = YES;
				GCC_WARN_ABOUT_RETURN_TYPE = YES_ERROR;
				GCC_WARN_UNDECLARED_SELECTOR = YES;
				GCC_WARN_UNINITIALIZED_AUTOS = YES_AGGRESSIVE;
				GCC_WARN_UNUSED_FUNCTION = YES;
				GCC_WARN_UNUSED_VARIABLE = YES;
				IPHONEOS_DEPLOYMENT_TARGET = 11.1;
				MTL_ENABLE_DEBUG_INFO = NO;
				SDKROOT = iphoneos;
				SWIFT_OPTIMIZATION_LEVEL = "-Owholemodule";
				VALIDATE_PRODUCT = YES;
			};
			name = Release;
		};
		CFDCBC5F2148757E00CFFBF8 /* Debug */ = {
			isa = XCBuildConfiguration;
			baseConfigurationReference = 24C9FBD11D1D05B9739ABDBD /* Pods-SwordBot.debug.xcconfig */;
			buildSettings = {
				ASSETCATALOG_COMPILER_APPICON_NAME = AppIcon;
				ASSETCATALOG_COMPILER_LAUNCHIMAGE_NAME = LaunchImage;
				CODE_SIGN_STYLE = Automatic;
				DEVELOPMENT_TEAM = VWG8VUH2Z6;
				INFOPLIST_FILE = SwordBot/Info.plist;
				LD_RUNPATH_SEARCH_PATHS = "$(inherited) @executable_path/Frameworks";
				PRODUCT_BUNDLE_IDENTIFIER = com.MemeInc.SwordBot;
				PRODUCT_NAME = "$(TARGET_NAME)";
				SWIFT_VERSION = 4.0;
				TARGETED_DEVICE_FAMILY = 1;
			};
			name = Debug;
		};
		CFDCBC602148757E00CFFBF8 /* Release */ = {
			isa = XCBuildConfiguration;
			baseConfigurationReference = 4E43DE2145431AA2CCEFDC3B /* Pods-SwordBot.release.xcconfig */;
			buildSettings = {
				ASSETCATALOG_COMPILER_APPICON_NAME = AppIcon;
				ASSETCATALOG_COMPILER_LAUNCHIMAGE_NAME = LaunchImage;
				CODE_SIGN_STYLE = Automatic;
				DEVELOPMENT_TEAM = VWG8VUH2Z6;
				INFOPLIST_FILE = SwordBot/Info.plist;
				LD_RUNPATH_SEARCH_PATHS = "$(inherited) @executable_path/Frameworks";
				PRODUCT_BUNDLE_IDENTIFIER = com.MemeInc.SwordBot;
				PRODUCT_NAME = "$(TARGET_NAME)";
				SWIFT_VERSION = 4.0;
				TARGETED_DEVICE_FAMILY = 1;
			};
			name = Release;
		};
		CFDCBC622148757E00CFFBF8 /* Debug */ = {
			isa = XCBuildConfiguration;
			buildSettings = {
				ALWAYS_EMBED_SWIFT_STANDARD_LIBRARIES = YES;
				BUNDLE_LOADER = "$(TEST_HOST)";
				CODE_SIGN_STYLE = Automatic;
				DEVELOPMENT_TEAM = VWG8VUH2Z6;
				INFOPLIST_FILE = SwordBotTests/Info.plist;
				LD_RUNPATH_SEARCH_PATHS = "$(inherited) @executable_path/Frameworks @loader_path/Frameworks";
				PRODUCT_BUNDLE_IDENTIFIER = com.MemeInc.SwordBotTests;
				PRODUCT_NAME = "$(TARGET_NAME)";
				SWIFT_VERSION = 4.0;
				TARGETED_DEVICE_FAMILY = "1,2";
				TEST_HOST = "$(BUILT_PRODUCTS_DIR)/SwordBot.app/SwordBot";
			};
			name = Debug;
		};
		CFDCBC632148757E00CFFBF8 /* Release */ = {
			isa = XCBuildConfiguration;
			buildSettings = {
				ALWAYS_EMBED_SWIFT_STANDARD_LIBRARIES = YES;
				BUNDLE_LOADER = "$(TEST_HOST)";
				CODE_SIGN_STYLE = Automatic;
				DEVELOPMENT_TEAM = VWG8VUH2Z6;
				INFOPLIST_FILE = SwordBotTests/Info.plist;
				LD_RUNPATH_SEARCH_PATHS = "$(inherited) @executable_path/Frameworks @loader_path/Frameworks";
				PRODUCT_BUNDLE_IDENTIFIER = com.MemeInc.SwordBotTests;
				PRODUCT_NAME = "$(TARGET_NAME)";
				SWIFT_VERSION = 4.0;
				TARGETED_DEVICE_FAMILY = "1,2";
				TEST_HOST = "$(BUILT_PRODUCTS_DIR)/SwordBot.app/SwordBot";
			};
			name = Release;
		};
		CFDCBC652148757E00CFFBF8 /* Debug */ = {
			isa = XCBuildConfiguration;
			buildSettings = {
				ALWAYS_EMBED_SWIFT_STANDARD_LIBRARIES = YES;
				CODE_SIGN_STYLE = Automatic;
				DEVELOPMENT_TEAM = VWG8VUH2Z6;
				INFOPLIST_FILE = SwordBotUITests/Info.plist;
				LD_RUNPATH_SEARCH_PATHS = "$(inherited) @executable_path/Frameworks @loader_path/Frameworks";
				PRODUCT_BUNDLE_IDENTIFIER = com.MemeInc.SwordBotUITests;
				PRODUCT_NAME = "$(TARGET_NAME)";
				SWIFT_VERSION = 4.0;
				TARGETED_DEVICE_FAMILY = "1,2";
				TEST_TARGET_NAME = SwordBot;
			};
			name = Debug;
		};
		CFDCBC662148757E00CFFBF8 /* Release */ = {
			isa = XCBuildConfiguration;
			buildSettings = {
				ALWAYS_EMBED_SWIFT_STANDARD_LIBRARIES = YES;
				CODE_SIGN_STYLE = Automatic;
				DEVELOPMENT_TEAM = VWG8VUH2Z6;
				INFOPLIST_FILE = SwordBotUITests/Info.plist;
				LD_RUNPATH_SEARCH_PATHS = "$(inherited) @executable_path/Frameworks @loader_path/Frameworks";
				PRODUCT_BUNDLE_IDENTIFIER = com.MemeInc.SwordBotUITests;
				PRODUCT_NAME = "$(TARGET_NAME)";
				SWIFT_VERSION = 4.0;
				TARGETED_DEVICE_FAMILY = "1,2";
				TEST_TARGET_NAME = SwordBot;
			};
			name = Release;
		};
/* End XCBuildConfiguration section */

/* Begin XCConfigurationList section */
		CFDCBC2F2148757D00CFFBF8 /* Build configuration list for PBXProject "SwordBot" */ = {
			isa = XCConfigurationList;
			buildConfigurations = (
				CFDCBC5C2148757E00CFFBF8 /* Debug */,
				CFDCBC5D2148757E00CFFBF8 /* Release */,
			);
			defaultConfigurationIsVisible = 0;
			defaultConfigurationName = Release;
		};
		CFDCBC5E2148757E00CFFBF8 /* Build configuration list for PBXNativeTarget "SwordBot" */ = {
			isa = XCConfigurationList;
			buildConfigurations = (
				CFDCBC5F2148757E00CFFBF8 /* Debug */,
				CFDCBC602148757E00CFFBF8 /* Release */,
			);
			defaultConfigurationIsVisible = 0;
			defaultConfigurationName = Release;
		};
		CFDCBC612148757E00CFFBF8 /* Build configuration list for PBXNativeTarget "SwordBotTests" */ = {
			isa = XCConfigurationList;
			buildConfigurations = (
				CFDCBC622148757E00CFFBF8 /* Debug */,
				CFDCBC632148757E00CFFBF8 /* Release */,
			);
			defaultConfigurationIsVisible = 0;
			defaultConfigurationName = Release;
		};
		CFDCBC642148757E00CFFBF8 /* Build configuration list for PBXNativeTarget "SwordBotUITests" */ = {
			isa = XCConfigurationList;
			buildConfigurations = (
				CFDCBC652148757E00CFFBF8 /* Debug */,
				CFDCBC662148757E00CFFBF8 /* Release */,
			);
			defaultConfigurationIsVisible = 0;
			defaultConfigurationName = Release;
		};
/* End XCConfigurationList section */
	};
	rootObject = CFDCBC2C2148757D00CFFBF8 /* Project object */;
}
